
Microsoft Visual Studio Solution File, Format Version 12.00
# Visual Studio Version 16
VisualStudioVersion = 16.0.31624.102
MinimumVisualStudioVersion = 10.0.40219.1
Project("{FAE04EC0-301F-11D3-BF4B-00C04F79EFBC}") = "ConsumerRabbitMQ", "ConsumerRabbitMQ.csproj", "{60420A72-04BB-4AD7-B6A4-B4425819029D}"
EndProject
Global
	GlobalSection(SolutionConfigurationPlatforms) = preSolution
		Debug|Any CPU = Debug|Any CPU
		Release|Any CPU = Release|Any CPU
	EndGlobalSection
	GlobalSection(ProjectConfigurationPlatforms) = postSolution
		{60420A72-04BB-4AD7-B6A4-B4425819029D}.Debug|Any CPU.ActiveCfg = Debug|Any CPU
		{60420A72-04BB-4AD7-B6A4-B4425819029D}.Debug|Any CPU.Build.0 = Debug|Any CPU
		{60420A72-04BB-4AD7-B6A4-B4425819029D}.Release|Any CPU.ActiveCfg = Release|Any CPU
		{60420A72-04BB-4AD7-B6A4-B4425819029D}.Release|Any CPU.Build.0 = Release|Any CPU
	EndGlobalSection
	GlobalSection(SolutionProperties) = preSolution
		HideSolutionNode = FALSE
	EndGlobalSection
	GlobalSection(ExtensibilityGlobals) = postSolution
		SolutionGuid = {6F11F081-F7F9-47B0-99C5-D68BE654D425}
	EndGlobalSection
EndGlobal
